
Microsoft Visual Studio Solution File, Format Version 12.00
# Visual Studio Version 16
VisualStudioVersion = 16.0.31702.278
MinimumVisualStudioVersion = 10.0.40219.1
Project("{FAE04EC0-301F-11D3-BF4B-00C04F79EFBC}") = "TMNT Tello", "TMNT Tello.csproj", "{783EAD52-D7A5-414C-B1D6-7119F040085A}"
EndProject
Global
	GlobalSection(SolutionConfigurationPlatforms) = preSolution
		Debug|Any CPU = Debug|Any CPU
		Release|Any CPU = Release|Any CPU
	EndGlobalSection
	GlobalSection(ProjectConfigurationPlatforms) = postSolution
		{783EAD52-D7A5-414C-B1D6-7119F040085A}.Debug|Any CPU.ActiveCfg = Debug|Any CPU
		{783EAD52-D7A5-414C-B1D6-7119F040085A}.Debug|Any CPU.Build.0 = Debug|Any CPU
		{783EAD52-D7A5-414C-B1D6-7119F040085A}.Release|Any CPU.ActiveCfg = Release|Any CPU
		{783EAD52-D7A5-414C-B1D6-7119F040085A}.Release|Any CPU.Build.0 = Release|Any CPU
	EndGlobalSection
	GlobalSection(SolutionProperties) = preSolution
		HideSolutionNode = FALSE
	EndGlobalSection
	GlobalSection(ExtensibilityGlobals) = postSolution
		SolutionGuid = {A35C24F1-4970-4C17-9DD5-94BA472A597C}
	EndGlobalSection
EndGlobal
